
Microsoft Visual Studio Solution File, Format Version 11.00
# Visual C# Express 2010
Project("{FAE04EC0-301F-11D3-BF4B-00C04F79EFBC}") = "videocut", "videocut.csproj", "{06256B5D-D847-4F9D-8BB1-A830FBD7A53E}"
EndProject
Global
	GlobalSection(SolutionConfigurationPlatforms) = preSolution
		Debug|Any CPU = Debug|Any CPU
		Release|Any CPU = Release|Any CPU
	EndGlobalSection
	GlobalSection(ProjectConfigurationPlatforms) = postSolution
		{06256B5D-D847-4F9D-8BB1-A830FBD7A53E}.Debug|Any CPU.ActiveCfg = Debug|Any CPU
		{06256B5D-D847-4F9D-8BB1-A830FBD7A53E}.Debug|Any CPU.Build.0 = Debug|Any CPU
		{06256B5D-D847-4F9D-8BB1-A830FBD7A53E}.Release|Any CPU.ActiveCfg = Release|Any CPU
		{06256B5D-D847-4F9D-8BB1-A830FBD7A53E}.Release|Any CPU.Build.0 = Release|Any CPU
	EndGlobalSection
	GlobalSection(SolutionProperties) = preSolution
		HideSolutionNode = FALSE
	EndGlobalSection
EndGlobal
